{
  "version": 4,
  "terraform_version": "1.1.7",
  "serial": 6,
  "lineage": "d3df11f9-7cc3-739b-9bda-ed6239673273",
  "outputs": {},
  "resources": [
    {
      "mode": "managed",
      "type": "azurerm_container_group",
      "name": "game_cg_tf",
      "provider": "provider[\"registry.terraform.io/hashicorp/azurerm\"]",
      "instances": [
        {
          "schema_version": 0,
          "attributes": {
            "container": [
              {
                "commands": [],
                "cpu": 1,
                "environment_variables": null,
                "gpu": [],
                "image": "nikunj3011/games",
                "liveness_probe": [],
                "memory": 1,
                "name": "games",
                "ports": [
                  {
                    "port": 5000,
                    "protocol": "TCP"
                  }
                ],
                "readiness_probe": [],
                "secure_environment_variables": null,
                "volume": []
              }
            ],
            "diagnostics": [],
            "dns_config": [],
            "dns_name_label": "nikunj3011",
            "exposed_port": [
              {
                "port": 5000,
                "protocol": "TCP"
              }
            ],
            "fqdn": "nikunj3011.canadaeast.azurecontainer.io",
            "id": "/subscriptions/855863f7-b598-4ed0-9aa4-473e601ddc13/resourceGroups/gametfrg/providers/Microsoft.ContainerInstance/containerGroups/gameapi",
            "identity": [],
            "image_registry_credential": [],
            "ip_address": "40.86.246.132",
            "ip_address_type": "Public",
            "location": "canadaeast",
            "name": "gameapi",
            "network_profile_id": null,
            "os_type": "Linux",
            "resource_group_name": "gametfrg",
            "restart_policy": "Always",
            "tags": null,
            "timeouts": null
          },
          "sensitive_attributes": [],
          "private": "eyJlMmJmYjczMC1lY2FhLTExZTYtOGY4OC0zNDM2M2JjN2M0YzAiOnsiY3JlYXRlIjoxODAwMDAwMDAwMDAwLCJkZWxldGUiOjE4MDAwMDAwMDAwMDAsInJlYWQiOjMwMDAwMDAwMDAwMCwidXBkYXRlIjoxODAwMDAwMDAwMDAwfX0=",
          "dependencies": [
            "azurerm_resource_group.game_tf"
          ]
        }
      ]
    },
    {
      "mode": "managed",
      "type": "azurerm_resource_group",
      "name": "game_tf",
      "provider": "provider[\"registry.terraform.io/hashicorp/azurerm\"]",
      "instances": [
        {
          "schema_version": 0,
          "attributes": {
            "id": "/subscriptions/855863f7-b598-4ed0-9aa4-473e601ddc13/resourceGroups/gametfrg",
            "location": "canadaeast",
            "name": "gametfrg",
            "tags": {},
            "timeouts": null
          },
          "sensitive_attributes": [],
          "private": "eyJlMmJmYjczMC1lY2FhLTExZTYtOGY4OC0zNDM2M2JjN2M0YzAiOnsiY3JlYXRlIjo1NDAwMDAwMDAwMDAwLCJkZWxldGUiOjU0MDAwMDAwMDAwMDAsInJlYWQiOjMwMDAwMDAwMDAwMCwidXBkYXRlIjo1NDAwMDAwMDAwMDAwfX0="
        }
      ]
    }
  ]
}
